// !$*UTF8*$!
{
	archiveVersion = 1;
	classes = {
	};
	objectVersion = 46;
	objects = {

/* Begin PBXBuildFile section */
		4F26B6861EBE82FF0056E7BF /* main.m in Sources */ = {isa = PBXBuildFile; fileRef = 4F26B6851EBE82FF0056E7BF /* main.m */; };
		4F26B6891EBE82FF0056E7BF /* AppDelegate.m in Sources */ = {isa = PBXBuildFile; fileRef = 4F26B6881EBE82FF0056E7BF /* AppDelegate.m */; };
		4F26B68C1EBE82FF0056E7BF /* MasterViewController.m in Sources */ = {isa = PBXBuildFile; fileRef = 4F26B68B1EBE82FF0056E7BF /* MasterViewController.m */; };
		4F26B68F1EBE82FF0056E7BF /* DetailViewController.m in Sources */ = {isa = PBXBuildFile; fileRef = 4F26B68E1EBE82FF0056E7BF /* DetailViewController.m */; };
		4F26B6921EBE82FF0056E7BF /* Main.storyboard in Resources */ = {isa = PBXBuildFile; fileRef = 4F26B6901EBE82FF0056E7BF /* Main.storyboard */; };
		4F26B6941EBE82FF0056E7BF /* Assets.xcassets in Resources */ = {isa = PBXBuildFile; fileRef = 4F26B6931EBE82FF0056E7BF /* Assets.xcassets */; };
		4F26B6971EBE82FF0056E7BF /* LaunchScreen.storyboard in Resources */ = {isa = PBXBuildFile; fileRef = 4F26B6951EBE82FF0056E7BF /* LaunchScreen.storyboard */; };
		4F26B6AE1EBE87110056E7BF /* NestCameraManager.m in Sources */ = {isa = PBXBuildFile; fileRef = 4F26B69F1EBE87110056E7BF /* NestCameraManager.m */; };
		4F26B6AF1EBE87110056E7BF /* NestStructureManager.m in Sources */ = {isa = PBXBuildFile; fileRef = 4F26B6A11EBE87110056E7BF /* NestStructureManager.m */; };
		4F26B6B01EBE87110056E7BF /* Camera.m in Sources */ = {isa = PBXBuildFile; fileRef = 4F26B6A31EBE87110056E7BF /* Camera.m */; };
		4F26B6B11EBE87110056E7BF /* FirebaseManager.m in Sources */ = {isa = PBXBuildFile; fileRef = 4F26B6A51EBE87110056E7BF /* FirebaseManager.m */; };
		4F26B6B21EBE87110056E7BF /* NestWebViewAuthController.m in Sources */ = {isa = PBXBuildFile; fileRef = 4F26B6A71EBE87110056E7BF /* NestWebViewAuthController.m */; };
		4F26B6B31EBE87110056E7BF /* NestAuthManager.m in Sources */ = {isa = PBXBuildFile; fileRef = 4F26B6A91EBE87110056E7BF /* NestAuthManager.m */; };
		4F26B6B41EBE87110056E7BF /* NestConnectViewController.m in Sources */ = {isa = PBXBuildFile; fileRef = 4F26B6AB1EBE87110056E7BF /* NestConnectViewController.m */; };
		4F26B6B51EBE87110056E7BF /* AccessToken.m in Sources */ = {isa = PBXBuildFile; fileRef = 4F26B6AD1EBE87110056E7BF /* AccessToken.m */; };
		4F26B6B81EBEBF000056E7BF /* PlistManager.m in Sources */ = {isa = PBXBuildFile; fileRef = 4F26B6B71EBEBF000056E7BF /* PlistManager.m */; };
		4F26B6BB1EBEE38B0056E7BF /* BeaconRegionManager.m in Sources */ = {isa = PBXBuildFile; fileRef = 4F26B6BA1EBEE38B0056E7BF /* BeaconRegionManager.m */; };
		4FAD36521EC15AFC009859C9 /* NotificationCenter.framework in Frameworks */ = {isa = PBXBuildFile; fileRef = 4FAD36511EC15AFC009859C9 /* NotificationCenter.framework */; };
		4FAD36561EC15AFC009859C9 /* TodayViewController.m in Sources */ = {isa = PBXBuildFile; fileRef = 4FAD36551EC15AFC009859C9 /* TodayViewController.m */; };
		4FAD36591EC15AFD009859C9 /* MainInterface.storyboard in Resources */ = {isa = PBXBuildFile; fileRef = 4FAD36571EC15AFD009859C9 /* MainInterface.storyboard */; };
		4FAD36641EC15B2F009859C9 /* CameraDataManager.m in Sources */ = {isa = PBXBuildFile; fileRef = 4FAD36631EC15B2F009859C9 /* CameraDataManager.m */; };
		4FAD36671EC15B44009859C9 /* CameraData.m in Sources */ = {isa = PBXBuildFile; fileRef = 4FAD36661EC15B44009859C9 /* CameraData.m */; };
		4FAD366A1EC16170009859C9 /* CameraDataTableViewCell.m in Sources */ = {isa = PBXBuildFile; fileRef = 4FAD36691EC16170009859C9 /* CameraDataTableViewCell.m */; };
		4FAD366E1EC16855009859C9 /* WidgesDataManager.m in Sources */ = {isa = PBXBuildFile; fileRef = 4FAD366D1EC16855009859C9 /* WidgesDataManager.m */; };
		4FAD36891EC19EDE009859C9 /* CoreLocation.framework in Frameworks */ = {isa = PBXBuildFile; fileRef = 4FAD36881EC19EDE009859C9 /* CoreLocation.framework */; };
		4FAD368E1EC19F17009859C9 /* CameraSwitchWidgets.appex in Embed App Extensions */ = {isa = PBXBuildFile; fileRef = 4FAD36501EC15AFC009859C9 /* CameraSwitchWidgets.appex */; settings = {ATTRIBUTES = (RemoveHeadersOnCopy, ); }; };
		4FD8CDF91EE4F5F000A5B901 /* Firebase.framework in Frameworks */ = {isa = PBXBuildFile; fileRef = 4FD8CDF81EE4F5F000A5B901 /* Firebase.framework */; };
		4FD8CDFB1EE4F5FA00A5B901 /* SystemConfiguration.framework in Frameworks */ = {isa = PBXBuildFile; fileRef = 4FD8CDFA1EE4F5FA00A5B901 /* SystemConfiguration.framework */; };
		4FD8CDFD1EE4F60100A5B901 /* libc++.tbd in Frameworks */ = {isa = PBXBuildFile; fileRef = 4FD8CDFC1EE4F60100A5B901 /* libc++.tbd */; };
		4FD8CDFF1EE4F60C00A5B901 /* libicucore.tbd in Frameworks */ = {isa = PBXBuildFile; fileRef = 4FD8CDFE1EE4F60C00A5B901 /* libicucore.tbd */; };
/* End PBXBuildFile section */

/* Begin PBXContainerItemProxy section */
		4FAD368F1EC19F17009859C9 /* PBXContainerItemProxy */ = {
			isa = PBXContainerItemProxy;
			containerPortal = 4F26B6791EBE82FF0056E7BF /* Project object */;
			proxyType = 1;
			remoteGlobalIDString = 4FAD364F1EC15AFC009859C9;
			remoteInfo = CameraSwitchWidgets;
		};
/* End PBXContainerItemProxy section */

/* Begin PBXCopyFilesBuildPhase section */
		4FAD36911EC19F17009859C9 /* Embed App Extensions */ = {
			isa = PBXCopyFilesBuildPhase;
			buildActionMask = 2147483647;
			dstPath = "";
			dstSubfolderSpec = 13;
			files = (
				4FAD368E1EC19F17009859C9 /* CameraSwitchWidgets.appex in Embed App Extensions */,
			);
			name = "Embed App Extensions";
			runOnlyForDeploymentPostprocessing = 0;
		};
/* End PBXCopyFilesBuildPhase section */

/* Begin PBXFileReference section */
		4F26B6811EBE82FF0056E7BF /* CameraSwitch.app */ = {isa = PBXFileReference; explicitFileType = wrapper.application; includeInIndex = 0; path = CameraSwitch.app; sourceTree = BUILT_PRODUCTS_DIR; };
		4F26B6851EBE82FF0056E7BF /* main.m */ = {isa = PBXFileReference; lastKnownFileType = sourcecode.c.objc; path = main.m; sourceTree = "<group>"; };
		4F26B6871EBE82FF0056E7BF /* AppDelegate.h */ = {isa = PBXFileReference; lastKnownFileType = sourcecode.c.h; path = AppDelegate.h; sourceTree = "<group>"; };
		4F26B6881EBE82FF0056E7BF /* AppDelegate.m */ = {isa = PBXFileReference; lastKnownFileType = sourcecode.c.objc; path = AppDelegate.m; sourceTree = "<group>"; };
		4F26B68A1EBE82FF0056E7BF /* MasterViewController.h */ = {isa = PBXFileReference; lastKnownFileType = sourcecode.c.h; path = MasterViewController.h; sourceTree = "<group>"; };
		4F26B68B1EBE82FF0056E7BF /* MasterViewController.m */ = {isa = PBXFileReference; lastKnownFileType = sourcecode.c.objc; path = MasterViewController.m; sourceTree = "<group>"; };
		4F26B68D1EBE82FF0056E7BF /* DetailViewController.h */ = {isa = PBXFileReference; lastKnownFileType = sourcecode.c.h; path = DetailViewController.h; sourceTree = "<group>"; };
		4F26B68E1EBE82FF0056E7BF /* DetailViewController.m */ = {isa = PBXFileReference; lastKnownFileType = sourcecode.c.objc; path = DetailViewController.m; sourceTree = "<group>"; };
		4F26B6911EBE82FF0056E7BF /* Base */ = {isa = PBXFileReference; lastKnownFileType = file.storyboard; name = Base; path = Base.lproj/Main.storyboard; sourceTree = "<group>"; };
		4F26B6931EBE82FF0056E7BF /* Assets.xcassets */ = {isa = PBXFileReference; lastKnownFileType = folder.assetcatalog; path = Assets.xcassets; sourceTree = "<group>"; };
		4F26B6961EBE82FF0056E7BF /* Base */ = {isa = PBXFileReference; lastKnownFileType = file.storyboard; name = Base; path = Base.lproj/LaunchScreen.storyboard; sourceTree = "<group>"; };
		4F26B6981EBE82FF0056E7BF /* Info.plist */ = {isa = PBXFileReference; lastKnownFileType = text.plist.xml; path = Info.plist; sourceTree = "<group>"; };
		4F26B69E1EBE87110056E7BF /* NestCameraManager.h */ = {isa = PBXFileReference; fileEncoding = 4; lastKnownFileType = sourcecode.c.h; path = NestCameraManager.h; sourceTree = "<group>"; };
		4F26B69F1EBE87110056E7BF /* NestCameraManager.m */ = {isa = PBXFileReference; fileEncoding = 4; lastKnownFileType = sourcecode.c.objc; path = NestCameraManager.m; sourceTree = "<group>"; };
		4F26B6A01EBE87110056E7BF /* NestStructureManager.h */ = {isa = PBXFileReference; fileEncoding = 4; lastKnownFileType = sourcecode.c.h; path = NestStructureManager.h; sourceTree = "<group>"; };
		4F26B6A11EBE87110056E7BF /* NestStructureManager.m */ = {isa = PBXFileReference; fileEncoding = 4; lastKnownFileType = sourcecode.c.objc; path = NestStructureManager.m; sourceTree = "<group>"; };
		4F26B6A21EBE87110056E7BF /* Camera.h */ = {isa = PBXFileReference; fileEncoding = 4; lastKnownFileType = sourcecode.c.h; path = Camera.h; sourceTree = "<group>"; };
		4F26B6A31EBE87110056E7BF /* Camera.m */ = {isa = PBXFileReference; fileEncoding = 4; lastKnownFileType = sourcecode.c.objc; path = Camera.m; sourceTree = "<group>"; };
		4F26B6A41EBE87110056E7BF /* FirebaseManager.h */ = {isa = PBXFileReference; fileEncoding = 4; lastKnownFileType = sourcecode.c.h; path = FirebaseManager.h; sourceTree = "<group>"; };
		4F26B6A51EBE87110056E7BF /* FirebaseManager.m */ = {isa = PBXFileReference; fileEncoding = 4; lastKnownFileType = sourcecode.c.objc; path = FirebaseManager.m; sourceTree = "<group>"; };
		4F26B6A61EBE87110056E7BF /* NestWebViewAuthController.h */ = {isa = PBXFileReference; fileEncoding = 4; lastKnownFileType = sourcecode.c.h; path = NestWebViewAuthController.h; sourceTree = "<group>"; };
		4F26B6A71EBE87110056E7BF /* NestWebViewAuthController.m */ = {isa = PBXFileReference; fileEncoding = 4; lastKnownFileType = sourcecode.c.objc; path = NestWebViewAuthController.m; sourceTree = "<group>"; };
		4F26B6A81EBE87110056E7BF /* NestAuthManager.h */ = {isa = PBXFileReference; fileEncoding = 4; lastKnownFileType = sourcecode.c.h; path = NestAuthManager.h; sourceTree = "<group>"; };
		4F26B6A91EBE87110056E7BF /* NestAuthManager.m */ = {isa = PBXFileReference; fileEncoding = 4; lastKnownFileType = sourcecode.c.objc; path = NestAuthManager.m; sourceTree = "<group>"; };
		4F26B6AA1EBE87110056E7BF /* NestConnectViewController.h */ = {isa = PBXFileReference; fileEncoding = 4; lastKnownFileType = sourcecode.c.h; path = NestConnectViewController.h; sourceTree = "<group>"; };
		4F26B6AB1EBE87110056E7BF /* NestConnectViewController.m */ = {isa = PBXFileReference; fileEncoding = 4; lastKnownFileType = sourcecode.c.objc; path = NestConnectViewController.m; sourceTree = "<group>"; };
		4F26B6AC1EBE87110056E7BF /* AccessToken.h */ = {isa = PBXFileReference; fileEncoding = 4; lastKnownFileType = sourcecode.c.h; path = AccessToken.h; sourceTree = "<group>"; };
		4F26B6AD1EBE87110056E7BF /* AccessToken.m */ = {isa = PBXFileReference; fileEncoding = 4; lastKnownFileType = sourcecode.c.objc; path = AccessToken.m; sourceTree = "<group>"; };
		4F26B6B61EBEBF000056E7BF /* PlistManager.h */ = {isa = PBXFileReference; fileEncoding = 4; lastKnownFileType = sourcecode.c.h; path = PlistManager.h; sourceTree = "<group>"; };
		4F26B6B71EBEBF000056E7BF /* PlistManager.m */ = {isa = PBXFileReference; fileEncoding = 4; lastKnownFileType = sourcecode.c.objc; path = PlistManager.m; sourceTree = "<group>"; };
		4F26B6B91EBEE38B0056E7BF /* BeaconRegionManager.h */ = {isa = PBXFileReference; fileEncoding = 4; lastKnownFileType = sourcecode.c.h; path = BeaconRegionManager.h; sourceTree = "<group>"; };
		4F26B6BA1EBEE38B0056E7BF /* BeaconRegionManager.m */ = {isa = PBXFileReference; fileEncoding = 4; lastKnownFileType = sourcecode.c.objc; path = BeaconRegionManager.m; sourceTree = "<group>"; };
		4FAD36501EC15AFC009859C9 /* CameraSwitchWidgets.appex */ = {isa = PBXFileReference; explicitFileType = "wrapper.app-extension"; includeInIndex = 0; path = CameraSwitchWidgets.appex; sourceTree = BUILT_PRODUCTS_DIR; };
		4FAD36511EC15AFC009859C9 /* NotificationCenter.framework */ = {isa = PBXFileReference; lastKnownFileType = wrapper.framework; name = NotificationCenter.framework; path = System/Library/Frameworks/NotificationCenter.framework; sourceTree = SDKROOT; };
		4FAD36541EC15AFC009859C9 /* TodayViewController.h */ = {isa = PBXFileReference; lastKnownFileType = sourcecode.c.h; path = TodayViewController.h; sourceTree = "<group>"; };
		4FAD36551EC15AFC009859C9 /* TodayViewController.m */ = {isa = PBXFileReference; lastKnownFileType = sourcecode.c.objc; path = TodayViewController.m; sourceTree = "<group>"; };
		4FAD36581EC15AFD009859C9 /* Base */ = {isa = PBXFileReference; lastKnownFileType = file.storyboard; name = Base; path = Base.lproj/MainInterface.storyboard; sourceTree = "<group>"; };
		4FAD365A1EC15AFD009859C9 /* Info.plist */ = {isa = PBXFileReference; lastKnownFileType = text.plist.xml; path = Info.plist; sourceTree = "<group>"; };
		4FAD36621EC15B2F009859C9 /* CameraDataManager.h */ = {isa = PBXFileReference; fileEncoding = 4; lastKnownFileType = sourcecode.c.h; path = CameraDataManager.h; sourceTree = "<group>"; };
		4FAD36631EC15B2F009859C9 /* CameraDataManager.m */ = {isa = PBXFileReference; fileEncoding = 4; lastKnownFileType = sourcecode.c.objc; path = CameraDataManager.m; sourceTree = "<group>"; };
		4FAD36651EC15B44009859C9 /* CameraData.h */ = {isa = PBXFileReference; fileEncoding = 4; lastKnownFileType = sourcecode.c.h; path = CameraData.h; sourceTree = "<group>"; };
		4FAD36661EC15B44009859C9 /* CameraData.m */ = {isa = PBXFileReference; fileEncoding = 4; lastKnownFileType = sourcecode.c.objc; path = CameraData.m; sourceTree = "<group>"; };
		4FAD36681EC16170009859C9 /* CameraDataTableViewCell.h */ = {isa = PBXFileReference; fileEncoding = 4; lastKnownFileType = sourcecode.c.h; path = CameraDataTableViewCell.h; sourceTree = "<group>"; };
		4FAD36691EC16170009859C9 /* CameraDataTableViewCell.m */ = {isa = PBXFileReference; fileEncoding = 4; lastKnownFileType = sourcecode.c.objc; path = CameraDataTableViewCell.m; sourceTree = "<group>"; };
		4FAD366B1EC16790009859C9 /* CameraSwitchWidgets.entitlements */ = {isa = PBXFileReference; lastKnownFileType = text.plist.entitlements; path = CameraSwitchWidgets.entitlements; sourceTree = "<group>"; };
		4FAD366C1EC16855009859C9 /* WidgesDataManager.h */ = {isa = PBXFileReference; fileEncoding = 4; lastKnownFileType = sourcecode.c.h; path = WidgesDataManager.h; sourceTree = "<group>"; };
		4FAD366D1EC16855009859C9 /* WidgesDataManager.m */ = {isa = PBXFileReference; fileEncoding = 4; lastKnownFileType = sourcecode.c.objc; path = WidgesDataManager.m; sourceTree = "<group>"; };
		4FAD366F1EC170C9009859C9 /* CameraSwitch.entitlements */ = {isa = PBXFileReference; lastKnownFileType = text.plist.entitlements; path = CameraSwitch.entitlements; sourceTree = "<group>"; };
		4FAD36881EC19EDE009859C9 /* CoreLocation.framework */ = {isa = PBXFileReference; lastKnownFileType = wrapper.framework; name = CoreLocation.framework; path = System/Library/Frameworks/CoreLocation.framework; sourceTree = SDKROOT; };
		4FD8CDF81EE4F5F000A5B901 /* Firebase.framework */ = {isa = PBXFileReference; lastKnownFileType = wrapper.framework; path = Firebase.framework; sourceTree = "<group>"; };
		4FD8CDFA1EE4F5FA00A5B901 /* SystemConfiguration.framework */ = {isa = PBXFileReference; lastKnownFileType = wrapper.framework; name = SystemConfiguration.framework; path = System/Library/Frameworks/SystemConfiguration.framework; sourceTree = SDKROOT; };
		4FD8CDFC1EE4F60100A5B901 /* libc++.tbd */ = {isa = PBXFileReference; lastKnownFileType = "sourcecode.text-based-dylib-definition"; name = "libc++.tbd"; path = "usr/lib/libc++.tbd"; sourceTree = SDKROOT; };
		4FD8CDFE1EE4F60C00A5B901 /* libicucore.tbd */ = {isa = PBXFileReference; lastKnownFileType = "sourcecode.text-based-dylib-definition"; name = libicucore.tbd; path = usr/lib/libicucore.tbd; sourceTree = SDKROOT; };
		B8D2B0B375B9DF4036E9990D /* Pods-CameraSwitch.debug.xcconfig */ = {isa = PBXFileReference; includeInIndex = 1; lastKnownFileType = text.xcconfig; name = "Pods-CameraSwitch.debug.xcconfig"; path = "Pods/Target Support Files/Pods-CameraSwitch/Pods-CameraSwitch.debug.xcconfig"; sourceTree = "<group>"; };
		C03AE163674D8379B83DE2D1 /* Pods-CameraSwitch.release.xcconfig */ = {isa = PBXFileReference; includeInIndex = 1; lastKnownFileType = text.xcconfig; name = "Pods-CameraSwitch.release.xcconfig"; path = "Pods/Target Support Files/Pods-CameraSwitch/Pods-CameraSwitch.release.xcconfig"; sourceTree = "<group>"; };
/* End PBXFileReference section */

/* Begin PBXFrameworksBuildPhase section */
		4F26B67E1EBE82FF0056E7BF /* Frameworks */ = {
			isa = PBXFrameworksBuildPhase;
			buildActionMask = 2147483647;
			files = (
				4FD8CDFF1EE4F60C00A5B901 /* libicucore.tbd in Frameworks */,
				4FD8CDFD1EE4F60100A5B901 /* libc++.tbd in Frameworks */,
				4FD8CDFB1EE4F5FA00A5B901 /* SystemConfiguration.framework in Frameworks */,
				4FAD36891EC19EDE009859C9 /* CoreLocation.framework in Frameworks */,
				4FD8CDF91EE4F5F000A5B901 /* Firebase.framework in Frameworks */,
			);
			runOnlyForDeploymentPostprocessing = 0;
		};
		4FAD364D1EC15AFC009859C9 /* Frameworks */ = {
			isa = PBXFrameworksBuildPhase;
			buildActionMask = 2147483647;
			files = (
				4FAD36521EC15AFC009859C9 /* NotificationCenter.framework in Frameworks */,
			);
			runOnlyForDeploymentPostprocessing = 0;
		};
/* End PBXFrameworksBuildPhase section */

/* Begin PBXGroup section */
		0E00A1E6EDB4DFEF4D1220A6 /* Frameworks */ = {
			isa = PBXGroup;
			children = (
				4FD8CDFE1EE4F60C00A5B901 /* libicucore.tbd */,
				4FD8CDFC1EE4F60100A5B901 /* libc++.tbd */,
				4FD8CDFA1EE4F5FA00A5B901 /* SystemConfiguration.framework */,
				4FD8CDF81EE4F5F000A5B901 /* Firebase.framework */,
				4FAD36881EC19EDE009859C9 /* CoreLocation.framework */,
				4FAD36511EC15AFC009859C9 /* NotificationCenter.framework */,
			);
			name = Frameworks;
			sourceTree = "<group>";
		};
		4F26B6781EBE82FF0056E7BF = {
			isa = PBXGroup;
			children = (
				4F26B6831EBE82FF0056E7BF /* CameraSwitch */,
				4FAD36531EC15AFC009859C9 /* CameraSwitchWidgets */,
				4F26B6821EBE82FF0056E7BF /* Products */,
				5C368656BC3BC15A1BF557DC /* Pods */,
				0E00A1E6EDB4DFEF4D1220A6 /* Frameworks */,
			);
			sourceTree = "<group>";
		};
		4F26B6821EBE82FF0056E7BF /* Products */ = {
			isa = PBXGroup;
			children = (
				4F26B6811EBE82FF0056E7BF /* CameraSwitch.app */,
				4FAD36501EC15AFC009859C9 /* CameraSwitchWidgets.appex */,
			);
			name = Products;
			sourceTree = "<group>";
		};
		4F26B6831EBE82FF0056E7BF /* CameraSwitch */ = {
			isa = PBXGroup;
			children = (
				4FAD366F1EC170C9009859C9 /* CameraSwitch.entitlements */,
				4F26B6871EBE82FF0056E7BF /* AppDelegate.h */,
				4F26B6881EBE82FF0056E7BF /* AppDelegate.m */,
				4F26B69E1EBE87110056E7BF /* NestCameraManager.h */,
				4F26B69F1EBE87110056E7BF /* NestCameraManager.m */,
				4F26B6A01EBE87110056E7BF /* NestStructureManager.h */,
				4F26B6A11EBE87110056E7BF /* NestStructureManager.m */,
				4F26B6A21EBE87110056E7BF /* Camera.h */,
				4F26B6A31EBE87110056E7BF /* Camera.m */,
				4F26B6A41EBE87110056E7BF /* FirebaseManager.h */,
				4F26B6A51EBE87110056E7BF /* FirebaseManager.m */,
				4F26B6A61EBE87110056E7BF /* NestWebViewAuthController.h */,
				4F26B6A71EBE87110056E7BF /* NestWebViewAuthController.m */,
				4F26B6A81EBE87110056E7BF /* NestAuthManager.h */,
				4F26B6A91EBE87110056E7BF /* NestAuthManager.m */,
				4F26B6AA1EBE87110056E7BF /* NestConnectViewController.h */,
				4F26B6AB1EBE87110056E7BF /* NestConnectViewController.m */,
				4F26B6AC1EBE87110056E7BF /* AccessToken.h */,
				4F26B6AD1EBE87110056E7BF /* AccessToken.m */,
				4F26B68A1EBE82FF0056E7BF /* MasterViewController.h */,
				4F26B68B1EBE82FF0056E7BF /* MasterViewController.m */,
				4F26B68D1EBE82FF0056E7BF /* DetailViewController.h */,
				4F26B68E1EBE82FF0056E7BF /* DetailViewController.m */,
				4F26B6901EBE82FF0056E7BF /* Main.storyboard */,
				4F26B6931EBE82FF0056E7BF /* Assets.xcassets */,
				4F26B6951EBE82FF0056E7BF /* LaunchScreen.storyboard */,
				4F26B6981EBE82FF0056E7BF /* Info.plist */,
				4F26B6841EBE82FF0056E7BF /* Supporting Files */,
				4F26B6B61EBEBF000056E7BF /* PlistManager.h */,
				4F26B6B71EBEBF000056E7BF /* PlistManager.m */,
				4F26B6B91EBEE38B0056E7BF /* BeaconRegionManager.h */,
				4F26B6BA1EBEE38B0056E7BF /* BeaconRegionManager.m */,
				4FAD366C1EC16855009859C9 /* WidgesDataManager.h */,
				4FAD366D1EC16855009859C9 /* WidgesDataManager.m */,
			);
			path = CameraSwitch;
			sourceTree = "<group>";
		};
		4F26B6841EBE82FF0056E7BF /* Supporting Files */ = {
			isa = PBXGroup;
			children = (
				4F26B6851EBE82FF0056E7BF /* main.m */,
			);
			name = "Supporting Files";
			sourceTree = "<group>";
		};
		4FAD36531EC15AFC009859C9 /* CameraSwitchWidgets */ = {
			isa = PBXGroup;
			children = (
				4FAD366B1EC16790009859C9 /* CameraSwitchWidgets.entitlements */,
				4FAD36541EC15AFC009859C9 /* TodayViewController.h */,
				4FAD36551EC15AFC009859C9 /* TodayViewController.m */,
				4FAD36571EC15AFD009859C9 /* MainInterface.storyboard */,
				4FAD365A1EC15AFD009859C9 /* Info.plist */,
				4FAD36621EC15B2F009859C9 /* CameraDataManager.h */,
				4FAD36631EC15B2F009859C9 /* CameraDataManager.m */,
				4FAD36651EC15B44009859C9 /* CameraData.h */,
				4FAD36661EC15B44009859C9 /* CameraData.m */,
				4FAD36681EC16170009859C9 /* CameraDataTableViewCell.h */,
				4FAD36691EC16170009859C9 /* CameraDataTableViewCell.m */,
			);
			path = CameraSwitchWidgets;
			sourceTree = "<group>";
		};
		5C368656BC3BC15A1BF557DC /* Pods */ = {
			isa = PBXGroup;
			children = (
				B8D2B0B375B9DF4036E9990D /* Pods-CameraSwitch.debug.xcconfig */,
				C03AE163674D8379B83DE2D1 /* Pods-CameraSwitch.release.xcconfig */,
			);
			name = Pods;
			sourceTree = "<group>";
		};
/* End PBXGroup section */

/* Begin PBXNativeTarget section */
		4F26B6801EBE82FF0056E7BF /* CameraSwitch */ = {
			isa = PBXNativeTarget;
			buildConfigurationList = 4F26B69B1EBE82FF0056E7BF /* Build configuration list for PBXNativeTarget "CameraSwitch" */;
			buildPhases = (
				4F26B67D1EBE82FF0056E7BF /* Sources */,
				4F26B67E1EBE82FF0056E7BF /* Frameworks */,
				4F26B67F1EBE82FF0056E7BF /* Resources */,
				4FAD36911EC19F17009859C9 /* Embed App Extensions */,
			);
			buildRules = (
			);
			dependencies = (
				4FAD36901EC19F17009859C9 /* PBXTargetDependency */,
			);
			name = CameraSwitch;
			productName = CameraSwitch;
			productReference = 4F26B6811EBE82FF0056E7BF /* CameraSwitch.app */;
			productType = "com.apple.product-type.application";
		};
		4FAD364F1EC15AFC009859C9 /* CameraSwitchWidgets */ = {
			isa = PBXNativeTarget;
			buildConfigurationList = 4FAD36721EC18A5A009859C9 /* Build configuration list for PBXNativeTarget "CameraSwitchWidgets" */;
			buildPhases = (
				4FAD364C1EC15AFC009859C9 /* Sources */,
				4FAD364D1EC15AFC009859C9 /* Frameworks */,
				4FAD364E1EC15AFC009859C9 /* Resources */,
			);
			buildRules = (
			);
			dependencies = (
			);
			name = CameraSwitchWidgets;
			productName = CameraSwitchWidgets;
			productReference = 4FAD36501EC15AFC009859C9 /* CameraSwitchWidgets.appex */;
			productType = "com.apple.product-type.app-extension";
		};
/* End PBXNativeTarget section */

/* Begin PBXProject section */
		4F26B6791EBE82FF0056E7BF /* Project object */ = {
			isa = PBXProject;
			attributes = {
				LastUpgradeCheck = 0810;
				ORGANIZATIONNAME = Catherine;
				TargetAttributes = {
					4F26B6801EBE82FF0056E7BF = {
						CreatedOnToolsVersion = 8.1;
						DevelopmentTeam = JR9U4ZYUMM;
						ProvisioningStyle = Automatic;
						SystemCapabilities = {
							com.apple.ApplicationGroups.iOS = {
								enabled = 1;
							};
							com.apple.BackgroundModes = {
								enabled = 1;
							};
						};
					};
					4FAD364F1EC15AFC009859C9 = {
						DevelopmentTeam = JR9U4ZYUMM;
						ProvisioningStyle = Automatic;
						SystemCapabilities = {
							com.apple.ApplicationGroups.iOS = {
								enabled = 1;
							};
						};
					};
				};
			};
			buildConfigurationList = 4F26B67C1EBE82FF0056E7BF /* Build configuration list for PBXProject "CameraSwitch" */;
			compatibilityVersion = "Xcode 3.2";
			developmentRegion = English;
			hasScannedForEncodings = 0;
			knownRegions = (
				en,
				Base,
			);
			mainGroup = 4F26B6781EBE82FF0056E7BF;
			productRefGroup = 4F26B6821EBE82FF0056E7BF /* Products */;
			projectDirPath = "";
			projectRoot = "";
			targets = (
				4F26B6801EBE82FF0056E7BF /* CameraSwitch */,
				4FAD364F1EC15AFC009859C9 /* CameraSwitchWidgets */,
			);
		};
/* End PBXProject section */

/* Begin PBXResourcesBuildPhase section */
		4F26B67F1EBE82FF0056E7BF /* Resources */ = {
			isa = PBXResourcesBuildPhase;
			buildActionMask = 2147483647;
			files = (
				4F26B6971EBE82FF0056E7BF /* LaunchScreen.storyboard in Resources */,
				4F26B6941EBE82FF0056E7BF /* Assets.xcassets in Resources */,
				4F26B6921EBE82FF0056E7BF /* Main.storyboard in Resources */,
			);
			runOnlyForDeploymentPostprocessing = 0;
		};
		4FAD364E1EC15AFC009859C9 /* Resources */ = {
			isa = PBXResourcesBuildPhase;
			buildActionMask = 2147483647;
			files = (
				4FAD36591EC15AFD009859C9 /* MainInterface.storyboard in Resources */,
			);
			runOnlyForDeploymentPostprocessing = 0;
		};
/* End PBXResourcesBuildPhase section */

/* Begin PBXSourcesBuildPhase section */
		4F26B67D1EBE82FF0056E7BF /* Sources */ = {
			isa = PBXSourcesBuildPhase;
			buildActionMask = 2147483647;
			files = (
				4F26B6B11EBE87110056E7BF /* FirebaseManager.m in Sources */,
				4F26B6B01EBE87110056E7BF /* Camera.m in Sources */,
				4F26B6B21EBE87110056E7BF /* NestWebViewAuthController.m in Sources */,
				4F26B6891EBE82FF0056E7BF /* AppDelegate.m in Sources */,
				4F26B6B81EBEBF000056E7BF /* PlistManager.m in Sources */,
				4F26B68C1EBE82FF0056E7BF /* MasterViewController.m in Sources */,
				4F26B6861EBE82FF0056E7BF /* main.m in Sources */,
				4F26B6AE1EBE87110056E7BF /* NestCameraManager.m in Sources */,
				4F26B68F1EBE82FF0056E7BF /* DetailViewController.m in Sources */,
				4F26B6AF1EBE87110056E7BF /* NestStructureManager.m in Sources */,
				4F26B6B31EBE87110056E7BF /* NestAuthManager.m in Sources */,
				4F26B6BB1EBEE38B0056E7BF /* BeaconRegionManager.m in Sources */,
				4F26B6B41EBE87110056E7BF /* NestConnectViewController.m in Sources */,
				4F26B6B51EBE87110056E7BF /* AccessToken.m in Sources */,
				4FAD366E1EC16855009859C9 /* WidgesDataManager.m in Sources */,
			);
			runOnlyForDeploymentPostprocessing = 0;
		};
		4FAD364C1EC15AFC009859C9 /* Sources */ = {
			isa = PBXSourcesBuildPhase;
			buildActionMask = 2147483647;
			files = (
				4FAD36671EC15B44009859C9 /* CameraData.m in Sources */,
				4FAD36641EC15B2F009859C9 /* CameraDataManager.m in Sources */,
				4FAD366A1EC16170009859C9 /* CameraDataTableViewCell.m in Sources */,
				4FAD36561EC15AFC009859C9 /* TodayViewController.m in Sources */,
			);
			runOnlyForDeploymentPostprocessing = 0;
		};
/* End PBXSourcesBuildPhase section */

/* Begin PBXTargetDependency section */
		4FAD36901EC19F17009859C9 /* PBXTargetDependency */ = {
			isa = PBXTargetDependency;
			target = 4FAD364F1EC15AFC009859C9 /* CameraSwitchWidgets */;
			targetProxy = 4FAD368F1EC19F17009859C9 /* PBXContainerItemProxy */;
		};
/* End PBXTargetDependency section */

/* Begin PBXVariantGroup section */
		4F26B6901EBE82FF0056E7BF /* Main.storyboard */ = {
			isa = PBXVariantGroup;
			children = (
				4F26B6911EBE82FF0056E7BF /* Base */,
			);
			name = Main.storyboard;
			sourceTree = "<group>";
		};
		4F26B6951EBE82FF0056E7BF /* LaunchScreen.storyboard */ = {
			isa = PBXVariantGroup;
			children = (
				4F26B6961EBE82FF0056E7BF /* Base */,
			);
			name = LaunchScreen.storyboard;
			sourceTree = "<group>";
		};
		4FAD36571EC15AFD009859C9 /* MainInterface.storyboard */ = {
			isa = PBXVariantGroup;
			children = (
				4FAD36581EC15AFD009859C9 /* Base */,
			);
			name = MainInterface.storyboard;
			sourceTree = "<group>";
		};
/* End PBXVariantGroup section */

/* Begin XCBuildConfiguration section */
		4F26B6991EBE82FF0056E7BF /* Debug */ = {
			isa = XCBuildConfiguration;
			buildSettings = {
				ALWAYS_SEARCH_USER_PATHS = NO;
				CLANG_ANALYZER_NONNULL = YES;
				CLANG_CXX_LANGUAGE_STANDARD = "gnu++0x";
				CLANG_CXX_LIBRARY = "libc++";
				CLANG_ENABLE_MODULES = YES;
				CLANG_ENABLE_OBJC_ARC = YES;
				CLANG_WARN_BOOL_CONVERSION = YES;
				CLANG_WARN_CONSTANT_CONVERSION = YES;
				CLANG_WARN_DIRECT_OBJC_ISA_USAGE = YES_ERROR;
				CLANG_WARN_DOCUMENTATION_COMMENTS = YES;
				CLANG_WARN_EMPTY_BODY = YES;
				CLANG_WARN_ENUM_CONVERSION = YES;
				CLANG_WARN_INFINITE_RECURSION = YES;
				CLANG_WARN_INT_CONVERSION = YES;
				CLANG_WARN_OBJC_ROOT_CLASS = YES_ERROR;
				CLANG_WARN_SUSPICIOUS_MOVES = YES;
				CLANG_WARN_UNREACHABLE_CODE = YES;
				CLANG_WARN__DUPLICATE_METHOD_MATCH = YES;
				"CODE_SIGN_IDENTITY[sdk=iphoneos*]" = "iPhone Developer";
				COPY_PHASE_STRIP = NO;
				DEBUG_INFORMATION_FORMAT = dwarf;
				ENABLE_STRICT_OBJC_MSGSEND = YES;
				ENABLE_TESTABILITY = YES;
				GCC_C_LANGUAGE_STANDARD = gnu99;
				GCC_DYNAMIC_NO_PIC = NO;
				GCC_NO_COMMON_BLOCKS = YES;
				GCC_OPTIMIZATION_LEVEL = 0;
				GCC_PREPROCESSOR_DEFINITIONS = (
					"DEBUG=1",
					"$(inherited)",
				);
				GCC_WARN_64_TO_32_BIT_CONVERSION = YES;
				GCC_WARN_ABOUT_RETURN_TYPE = YES_ERROR;
				GCC_WARN_UNDECLARED_SELECTOR = YES;
				GCC_WARN_UNINITIALIZED_AUTOS = YES_AGGRESSIVE;
				GCC_WARN_UNUSED_FUNCTION = YES;
				GCC_WARN_UNUSED_VARIABLE = YES;
				IPHONEOS_DEPLOYMENT_TARGET = 10.1;
				MTL_ENABLE_DEBUG_INFO = YES;
				ONLY_ACTIVE_ARCH = YES;
				SDKROOT = iphoneos;
				TARGETED_DEVICE_FAMILY = "1,2";
			};
			name = Debug;
		};
		4F26B69A1EBE82FF0056E7BF /* Release */ = {
			isa = XCBuildConfiguration;
			buildSettings = {
				ALWAYS_SEARCH_USER_PATHS = NO;
				CLANG_ANALYZER_NONNULL = YES;
				CLANG_CXX_LANGUAGE_STANDARD = "gnu++0x";
				CLANG_CXX_LIBRARY = "libc++";
				CLANG_ENABLE_MODULES = YES;
				CLANG_ENABLE_OBJC_ARC = YES;
				CLANG_WARN_BOOL_CONVERSION = YES;
				CLANG_WARN_CONSTANT_CONVERSION = YES;
				CLANG_WARN_DIRECT_OBJC_ISA_USAGE = YES_ERROR;
				CLANG_WARN_DOCUMENTATION_COMMENTS = YES;
				CLANG_WARN_EMPTY_BODY = YES;
				CLANG_WARN_ENUM_CONVERSION = YES;
				CLANG_WARN_INFINITE_RECURSION = YES;
				CLANG_WARN_INT_CONVERSION = YES;
				CLANG_WARN_OBJC_ROOT_CLASS = YES_ERROR;
				CLANG_WARN_SUSPICIOUS_MOVES = YES;
				CLANG_WARN_UNREACHABLE_CODE = YES;
				CLANG_WARN__DUPLICATE_METHOD_MATCH = YES;
				"CODE_SIGN_IDENTITY[sdk=iphoneos*]" = "iPhone Developer";
				COPY_PHASE_STRIP = NO;
				DEBUG_INFORMATION_FORMAT = "dwarf-with-dsym";
				ENABLE_NS_ASSERTIONS = NO;
				ENABLE_STRICT_OBJC_MSGSEND = YES;
				GCC_C_LANGUAGE_STANDARD = gnu99;
				GCC_NO_COMMON_BLOCKS = YES;
				GCC_WARN_64_TO_32_BIT_CONVERSION = YES;
				GCC_WARN_ABOUT_RETURN_TYPE = YES_ERROR;
				GCC_WARN_UNDECLARED_SELECTOR = YES;
				GCC_WARN_UNINITIALIZED_AUTOS = YES_AGGRESSIVE;
				GCC_WARN_UNUSED_FUNCTION = YES;
				GCC_WARN_UNUSED_VARIABLE = YES;
				IPHONEOS_DEPLOYMENT_TARGET = 10.1;
				MTL_ENABLE_DEBUG_INFO = NO;
				SDKROOT = iphoneos;
				TARGETED_DEVICE_FAMILY = "1,2";
				VALIDATE_PRODUCT = YES;
			};
			name = Release;
		};
		4F26B69C1EBE82FF0056E7BF /* Debug */ = {
			isa = XCBuildConfiguration;
			baseConfigurationReference = B8D2B0B375B9DF4036E9990D /* Pods-CameraSwitch.debug.xcconfig */;
			buildSettings = {
				ASSETCATALOG_COMPILER_APPICON_NAME = AppIcon;
				CODE_SIGN_ENTITLEMENTS = CameraSwitch/CameraSwitch.entitlements;
				DEVELOPMENT_TEAM = JR9U4ZYUMM;
				ENABLE_BITCODE = NO;
				FRAMEWORK_SEARCH_PATHS = (
					"$(inherited)",
					"$(PROJECT_DIR)",
				);
				INFOPLIST_FILE = CameraSwitch/Info.plist;
				LD_RUNPATH_SEARCH_PATHS = "$(inherited) @executable_path/Frameworks";
				OTHER_LDFLAGS = "-ObjC";
				PRODUCT_BUNDLE_IDENTIFIER = Catherine.CustomCameraSwitch;
				PRODUCT_NAME = "$(TARGET_NAME)";
			};
			name = Debug;
		};
		4F26B69D1EBE82FF0056E7BF /* Release */ = {
			isa = XCBuildConfiguration;
			baseConfigurationReference = C03AE163674D8379B83DE2D1 /* Pods-CameraSwitch.release.xcconfig */;
			buildSettings = {
				ASSETCATALOG_COMPILER_APPICON_NAME = AppIcon;
				CODE_SIGN_ENTITLEMENTS = CameraSwitch/CameraSwitch.entitlements;
				DEVELOPMENT_TEAM = JR9U4ZYUMM;
				ENABLE_BITCODE = NO;
				FRAMEWORK_SEARCH_PATHS = (
					"$(inherited)",
					"$(PROJECT_DIR)",
				);
				INFOPLIST_FILE = CameraSwitch/Info.plist;
				LD_RUNPATH_SEARCH_PATHS = "$(inherited) @executable_path/Frameworks";
				OTHER_LDFLAGS = "-ObjC";
				PRODUCT_BUNDLE_IDENTIFIER = Catherine.CustomCameraSwitch;
				PRODUCT_NAME = "$(TARGET_NAME)";
			};
			name = Release;
		};
		4FAD36701EC18A5A009859C9 /* Debug */ = {
			isa = XCBuildConfiguration;
			buildSettings = {
				CODE_SIGN_ENTITLEMENTS = CameraSwitchWidgets/CameraSwitchWidgets.entitlements;
				"CODE_SIGN_IDENTITY[sdk=iphoneos*]" = "iPhone Developer";
				COPY_PHASE_STRIP = NO;
				DEVELOPMENT_TEAM = JR9U4ZYUMM;
				GCC_DYNAMIC_NO_PIC = NO;
				GCC_OPTIMIZATION_LEVEL = 0;
				INFOPLIST_FILE = "$(SRCROOT)/CameraSwitchWidgets/Info.plist";
				PRODUCT_BUNDLE_IDENTIFIER = Catherine.CustomCameraSwitch.CameraSwitchWidgets;
				PRODUCT_NAME = CameraSwitchWidgets;
				PROVISIONING_PROFILE = "";
				PROVISIONING_PROFILE_SPECIFIER = "";
			};
			name = Debug;
		};
		4FAD36711EC18A5A009859C9 /* Release */ = {
			isa = XCBuildConfiguration;
			buildSettings = {
				CODE_SIGN_ENTITLEMENTS = CameraSwitchWidgets/CameraSwitchWidgets.entitlements;
				"CODE_SIGN_IDENTITY[sdk=iphoneos*]" = "iPhone Developer";
				COPY_PHASE_STRIP = YES;
				DEBUG_INFORMATION_FORMAT = "dwarf-with-dsym";
				DEVELOPMENT_TEAM = JR9U4ZYUMM;
				INFOPLIST_FILE = "$(SRCROOT)/CameraSwitchWidgets/Info.plist";
				PRODUCT_BUNDLE_IDENTIFIER = Catherine.CustomCameraSwitch.CameraSwitchWidgets;
				PRODUCT_NAME = CameraSwitchWidgets;
			};
			name = Release;
		};
/* End XCBuildConfiguration section */

/* Begin XCConfigurationList section */
		4F26B67C1EBE82FF0056E7BF /* Build configuration list for PBXProject "CameraSwitch" */ = {
			isa = XCConfigurationList;
			buildConfigurations = (
				4F26B6991EBE82FF0056E7BF /* Debug */,
				4F26B69A1EBE82FF0056E7BF /* Release */,
			);
			defaultConfigurationIsVisible = 0;
			defaultConfigurationName = Release;
		};
		4F26B69B1EBE82FF0056E7BF /* Build configuration list for PBXNativeTarget "CameraSwitch" */ = {
			isa = XCConfigurationList;
			buildConfigurations = (
				4F26B69C1EBE82FF0056E7BF /* Debug */,
				4F26B69D1EBE82FF0056E7BF /* Release */,
			);
			defaultConfigurationIsVisible = 0;
			defaultConfigurationName = Release;
		};
		4FAD36721EC18A5A009859C9 /* Build configuration list for PBXNativeTarget "CameraSwitchWidgets" */ = {
			isa = XCConfigurationList;
			buildConfigurations = (
				4FAD36701EC18A5A009859C9 /* Debug */,
				4FAD36711EC18A5A009859C9 /* Release */,
			);
			defaultConfigurationIsVisible = 0;
			defaultConfigurationName = Release;
		};
/* End XCConfigurationList section */
	};
	rootObject = 4F26B6791EBE82FF0056E7BF /* Project object */;
}
